
Microsoft Visual Studio Solution File, Format Version 12.00
# Visual Studio 15
VisualStudioVersion = 15.0.28010.2046
MinimumVisualStudioVersion = 10.0.40219.1
Project("{FAE04EC0-301F-11D3-BF4B-00C04F79EFBC}") = "AdapterPattern", "AdapterPattern\AdapterPattern.csproj", "{7939BD9B-2948-4C05-95AC-68B57DB31F7E}"
EndProject
Project("{2150E333-8FDC-42A3-9474-1A3956D46DE8}") = "Solution Items", "Solution Items", "{C9245C2E-B797-40A5-8AFF-2582B476E6BB}"
EndProject
Global
	GlobalSection(SolutionConfigurationPlatforms) = preSolution
		Debug|Any CPU = Debug|Any CPU
		Release|Any CPU = Release|Any CPU
	EndGlobalSection
	GlobalSection(ProjectConfigurationPlatforms) = postSolution
		{7939BD9B-2948-4C05-95AC-68B57DB31F7E}.Debug|Any CPU.ActiveCfg = Debug|Any CPU
		{7939BD9B-2948-4C05-95AC-68B57DB31F7E}.Debug|Any CPU.Build.0 = Debug|Any CPU
		{7939BD9B-2948-4C05-95AC-68B57DB31F7E}.Release|Any CPU.ActiveCfg = Release|Any CPU
		{7939BD9B-2948-4C05-95AC-68B57DB31F7E}.Release|Any CPU.Build.0 = Release|Any CPU
	EndGlobalSection
	GlobalSection(SolutionProperties) = preSolution
		HideSolutionNode = FALSE
	EndGlobalSection
	GlobalSection(ExtensibilityGlobals) = postSolution
		SolutionGuid = {DFEC2D3F-B105-4ED6-AC73-7A4FE4F8B892}
	EndGlobalSection
EndGlobal
